
Microsoft Visual Studio Solution File, Format Version 12.00
# Visual Studio 15
VisualStudioVersion = 15.0.28307.1062
MinimumVisualStudioVersion = 10.0.40219.1
Project("{FAE04EC0-301F-11D3-BF4B-00C04F79EFBC}") = "Cobrowse.IO.Standalone", "Cobrowse.IO.Standalone\Cobrowse.IO.Standalone.csproj", "{8A11382C-8464-4AEA-AA6C-C79E24F7C64B}"
EndProject
Global
	GlobalSection(SolutionConfigurationPlatforms) = preSolution
		Debug|Any CPU = Debug|Any CPU
		Release|Any CPU = Release|Any CPU
	EndGlobalSection
	GlobalSection(ProjectConfigurationPlatforms) = postSolution
		{8A11382C-8464-4AEA-AA6C-C79E24F7C64B}.Debug|Any CPU.ActiveCfg = Debug|Any CPU
		{8A11382C-8464-4AEA-AA6C-C79E24F7C64B}.Debug|Any CPU.Build.0 = Debug|Any CPU
		{8A11382C-8464-4AEA-AA6C-C79E24F7C64B}.Release|Any CPU.ActiveCfg = Release|Any CPU
		{8A11382C-8464-4AEA-AA6C-C79E24F7C64B}.Release|Any CPU.Build.0 = Release|Any CPU
	EndGlobalSection
	GlobalSection(SolutionProperties) = preSolution
		HideSolutionNode = FALSE
	EndGlobalSection
	GlobalSection(ExtensibilityGlobals) = postSolution
		SolutionGuid = {397A3CB8-35D6-4B17-AC2D-0C383A4D29D8}
	EndGlobalSection
EndGlobal
